# THIS IS AN AUTOGENERATED FILE. DO NOT EDIT THIS FILE DIRECTLY.
# yarn lockfile v1


orderedmap@^2.0.0:
  version "2.1.0"
  resolved "https://registry.yarnpkg.com/orderedmap/-/orderedmap-2.1.0.tgz#819457082fa3a06abd316d83a281a1ca467437cd"
  integrity sha512-/pIFexOm6S70EPdznemIz3BQZoJ4VTFrhqzu0ACBqBgeLsLxq8e6Jim63ImIfwW/zAD1AlXpRMlOv3aghmo4dA==

prosemirror-model@^1.0.0, prosemirror-model@^1.18.1, prosemirror-model@^1.2.0:
  version "1.18.1"
  resolved "https://registry.yarnpkg.com/prosemirror-model/-/prosemirror-model-1.18.1.tgz#1d5d6b6de7b983ee67a479dc607165fdef3935bd"
  integrity sha512-IxSVBKAEMjD7s3n8cgtwMlxAXZrC7Mlag7zYsAKDndAqnDScvSmp/UdnRTV/B33lTCVU3CCm7dyAn/rVVD0mcw==
  dependencies:
    orderedmap "^2.0.0"

prosemirror-schema-basic@^1.2.0:
  version "1.2.0"
  resolved "https://registry.yarnpkg.com/prosemirror-schema-basic/-/prosemirror-schema-basic-1.2.0.tgz#c33ad74426efae1d41e2260371866f623e8eb10e"
  integrity sha512-JMN/ammP94ObOUS6cpIy121r0MEDN9V95mAxFVALwC4bbmhpWXGjBGHTA5LHPPdbqZKyR6Jar1Akv4Z5k9CNLw==
  dependencies:
    prosemirror-model "^1.2.0"

prosemirror-schema-list@^1.2.2:
  version "1.2.2"
  resolved "https://registry.yarnpkg.com/prosemirror-schema-list/-/prosemirror-schema-list-1.2.2.tgz#bafda37b72367d39accdcaf6ddf8fb654a16e8e5"
  integrity sha512-rd0pqSDp86p0MUMKG903g3I9VmElFkQpkZ2iOd3EOVg1vo5Cst51rAsoE+5IPy0LPXq64eGcCYlW1+JPNxOj2w==
  dependencies:
    prosemirror-model "^1.0.0"
    prosemirror-state "^1.0.0"
    prosemirror-transform "^1.0.0"

prosemirror-state@^1.0.0:
  version "1.4.1"
  resolved "https://registry.yarnpkg.com/prosemirror-state/-/prosemirror-state-1.4.1.tgz#f6e26c7b6a7e11206176689eb6ebbf91870953e1"
  integrity sha512-U/LBDW2gNmVa07sz/D229XigSdDQ5CLFwVB1Vb32MJbAHHhWe/6pOc721faI17tqw4pZ49i1xfY/jEZ9tbIhPg==
  dependencies:
    prosemirror-model "^1.0.0"
    prosemirror-transform "^1.0.0"

prosemirror-transform@^1.0.0, prosemirror-transform@^1.7.0:
  version "1.7.0"
  resolved "https://registry.yarnpkg.com/prosemirror-transform/-/prosemirror-transform-1.7.0.tgz#a8a0768f3ee6418d26ebef435beda9d43c65e472"
  integrity sha512-O4T697Cqilw06Zvc3Wm+e237R6eZtJL/xGMliCi+Uo8VL6qHk6afz1qq0zNjT3eZMuYwnP8ZS0+YxX/tfcE9TQ==
  dependencies:
    prosemirror-model "^1.0.0"
